
Microsoft Visual Studio Solution File, Format Version 12.00
# Visual Studio 15
VisualStudioVersion = 15.0.27004.2009
MinimumVisualStudioVersion = 10.0.40219.1
Project("{8BC9CEB8-8B4A-11D0-8D11-00A0C91BC942}") = "Yog-Sothoth", "Yog-Sothoth\Yog-Sothoth.vcxproj", "{FDDBE41D-EF09-4103-A2D2-B981141D6E84}"
EndProject
Project("{8BC9CEB8-8B4A-11D0-8D11-00A0C91BC942}") = "RenderManager", "RenderManager\RenderManager.vcxproj", "{40869937-DFC4-4EF2-9B94-38237B06D3D4}"
EndProject
Global
	GlobalSection(SolutionConfigurationPlatforms) = preSolution
		Debug|Win32 = Debug|Win32
		Debug|x64 = Debug|x64
		Release|Win32 = Release|Win32
		Release|x64 = Release|x64
	EndGlobalSection
	GlobalSection(ProjectConfigurationPlatforms) = postSolution
		{FDDBE41D-EF09-4103-A2D2-B981141D6E84}.Debug|Win32.ActiveCfg = Debug|Win32
		{FDDBE41D-EF09-4103-A2D2-B981141D6E84}.Debug|Win32.Build.0 = Debug|Win32
		{FDDBE41D-EF09-4103-A2D2-B981141D6E84}.Debug|Win32.Deploy.0 = Debug|Win32
		{FDDBE41D-EF09-4103-A2D2-B981141D6E84}.Debug|x64.ActiveCfg = Debug|x64
		{FDDBE41D-EF09-4103-A2D2-B981141D6E84}.Debug|x64.Build.0 = Debug|x64
		{FDDBE41D-EF09-4103-A2D2-B981141D6E84}.Release|Win32.ActiveCfg = Release|Win32
		{FDDBE41D-EF09-4103-A2D2-B981141D6E84}.Release|Win32.Build.0 = Release|Win32
		{FDDBE41D-EF09-4103-A2D2-B981141D6E84}.Release|x64.ActiveCfg = Release|x64
		{FDDBE41D-EF09-4103-A2D2-B981141D6E84}.Release|x64.Build.0 = Release|x64
		{40869937-DFC4-4EF2-9B94-38237B06D3D4}.Debug|Win32.ActiveCfg = Debug|Win32
		{40869937-DFC4-4EF2-9B94-38237B06D3D4}.Debug|Win32.Build.0 = Debug|Win32
		{40869937-DFC4-4EF2-9B94-38237B06D3D4}.Debug|x64.ActiveCfg = Debug|x64
		{40869937-DFC4-4EF2-9B94-38237B06D3D4}.Debug|x64.Build.0 = Debug|x64
		{40869937-DFC4-4EF2-9B94-38237B06D3D4}.Release|Win32.ActiveCfg = Release|Win32
		{40869937-DFC4-4EF2-9B94-38237B06D3D4}.Release|Win32.Build.0 = Release|Win32
		{40869937-DFC4-4EF2-9B94-38237B06D3D4}.Release|x64.ActiveCfg = Release|x64
		{40869937-DFC4-4EF2-9B94-38237B06D3D4}.Release|x64.Build.0 = Release|x64
	EndGlobalSection
	GlobalSection(SolutionProperties) = preSolution
		HideSolutionNode = FALSE
	EndGlobalSection
	GlobalSection(ExtensibilityGlobals) = postSolution
		SolutionGuid = {AA4DB978-68AF-40A2-B99E-E3CF1527C959}
	EndGlobalSection
EndGlobal
