<?xml version="1.0" encoding="utf-8"?>
<Project ToolsVersion="4.0" xmlns="http://schemas.microsoft.com/developer/msbuild/2003">
  <ItemGroup>
    <Filter Include="Resource Files">
      <UniqueIdentifier>{67DA6AB6-F800-4c08-8B7A-83BB121AAD01}</UniqueIdentifier>
      <Extensions>rc;ico;cur;bmp;dlg;rc2;rct;bin;rgs;gif;jpg;jpeg;jpe;resx;tiff;tif;png;wav;mfcribbon-ms</Extensions>
    </Filter>
  </ItemGroup>
  <ItemGroup>
    <ClCompile Include="main.cpp" />
    <ClCompile Include="Application.cpp" />
    <ClCompile Include="Globals.h" />
    <ClCompile Include="imGUI\imgui.cpp" />
    <ClCompile Include="imGUI\imgui_demo.cpp" />
    <ClCompile Include="imGUI\imgui_draw.cpp" />
    <ClCompile Include="imGUI\imgui_impl_sdl_gl3.cpp" />
    <ClCompile Include="Engine\CoreModules\M_Camera3D.cpp" />
    <ClCompile Include="Engine\CoreModules\M_Renderer.cpp" />
    <ClCompile Include="Engine\CoreModules\M_Window.cpp" />
    <ClCompile Include="Engine\UI_Modules\M_UIManager.cpp" />
    <ClCompile Include="Engine\CoreModules\M_Input.cpp" />
    <ClCompile Include="jsoncpp\jsoncpp.cpp" />
    <ClCompile Include="Tools\Static\JsonSerializer.cpp" />
    <ClCompile Include="Engine\CoreModules\M_FileSystem.cpp" />
    <ClCompile Include="Engine\UI_Modules\UI components\UIConsole.cpp" />
    <ClCompile Include="Engine\UI_Modules\UI components\UIFrameCounter.cpp" />
    <ClCompile Include="Tools\Timer.cpp" />
    <ClCompile Include="MathGeoLib\Algorithm\Random\LCG.cpp" />
    <ClCompile Include="MathGeoLib\Geometry\AABB.cpp" />
    <ClCompile Include="MathGeoLib\Geometry\Capsule.cpp" />
    <ClCompile Include="MathGeoLib\Geometry\Circle.cpp" />
    <ClCompile Include="MathGeoLib\Geometry\Frustum.cpp" />
    <ClCompile Include="MathGeoLib\Geometry\Line.cpp" />
    <ClCompile Include="MathGeoLib\Geometry\LineSegment.cpp" />
    <ClCompile Include="MathGeoLib\Geometry\OBB.cpp" />
    <ClCompile Include="MathGeoLib\Geometry\Plane.cpp" />
    <ClCompile Include="MathGeoLib\Geometry\Polygon.cpp" />
    <ClCompile Include="MathGeoLib\Geometry\Polyhedron.cpp" />
    <ClCompile Include="MathGeoLib\Geometry\Ray.cpp" />
    <ClCompile Include="MathGeoLib\Geometry\Sphere.cpp" />
    <ClCompile Include="MathGeoLib\Geometry\Triangle.cpp" />
    <ClCompile Include="MathGeoLib\Geometry\TriangleMesh.cpp" />
    <ClCompile Include="MathGeoLib\Math\BitOps.cpp" />
    <ClCompile Include="MathGeoLib\Math\float2.cpp" />
    <ClCompile Include="MathGeoLib\Math\float3.cpp" />
    <ClCompile Include="MathGeoLib\Math\float3x3.cpp" />
    <ClCompile Include="MathGeoLib\Math\float3x4.cpp" />
    <ClCompile Include="MathGeoLib\Math\float4.cpp" />
    <ClCompile Include="MathGeoLib\Math\float4x4.cpp" />
    <ClCompile Include="MathGeoLib\Math\MathFunc.cpp" />
    <ClCompile Include="MathGeoLib\Math\MathLog.cpp" />
    <ClCompile Include="MathGeoLib\Math\MathOps.cpp" />
    <ClCompile Include="MathGeoLib\Math\Polynomial.cpp" />
    <ClCompile Include="MathGeoLib\Math\Quat.cpp" />
    <ClCompile Include="MathGeoLib\Math\SSEMath.cpp" />
    <ClCompile Include="MathGeoLib\Math\TransformOps.cpp" />
    <ClCompile Include="MathGeoLib\Time\Clock.cpp" />
    <ClCompile Include="Tools\log.cpp" />
    <ClCompile Include="Engine\GameObjects\M_ObjectManager.cpp" />
  </ItemGroup>
  <ItemGroup>
    <ClInclude Include="Application.h" />
    <ClInclude Include="OpenGL.h" />
    <ClInclude Include="imGUI\imconfig.h" />
    <ClInclude Include="imGUI\imgui.h" />
    <ClInclude Include="imGUI\imgui_impl_sdl_gl3.h" />
    <ClInclude Include="imGUI\imgui_internal.h" />
    <ClInclude Include="imGUI\stb_rect_pack.h" />
    <ClInclude Include="imGUI\stb_textedit.h" />
    <ClInclude Include="imGUI\stb_truetype.h" />
    <ClInclude Include="Engine\CoreModules\BaseClass\Module.h" />
    <ClInclude Include="Engine\CoreModules\M_Camera3D.h" />
    <ClInclude Include="Engine\CoreModules\M_Renderer.h" />
    <ClInclude Include="Engine\CoreModules\M_Window.h" />
    <ClInclude Include="Engine\UI_Modules\M_UIManager.h" />
    <ClInclude Include="Engine\CoreModules\M_Input.h" />
    <ClInclude Include="Tools\Interfaces\IJsonSerializable.h" />
    <ClInclude Include="Tools\Static\JsonSerializer.h" />
    <ClInclude Include="Engine\CoreModules\M_FileSystem.h" />
    <ClInclude Include="Engine\UI_Modules\UI components\UIConsole.h" />
    <ClInclude Include="Engine\UI_Modules\UI components\BaseClass\UIComponent.h" />
    <ClInclude Include="Engine\UI_Modules\UI components\UIFrameCounter.h" />
    <ClInclude Include="Tools\Timer.h" />
    <ClInclude Include="MathGeoLib\Algorithm\Random\LCG.h" />
    <ClInclude Include="MathGeoLib\Geometry\AABB.h" />
    <ClInclude Include="MathGeoLib\Geometry\AABB2D.h" />
    <ClInclude Include="MathGeoLib\Geometry\Capsule.h" />
    <ClInclude Include="MathGeoLib\Geometry\Circle.h" />
    <ClInclude Include="MathGeoLib\Geometry\Frustum.h" />
    <ClInclude Include="MathGeoLib\Geometry\GeometryAll.h" />
    <ClInclude Include="MathGeoLib\Geometry\GeomType.h" />
    <ClInclude Include="MathGeoLib\Geometry\HitInfo.h" />
    <ClInclude Include="MathGeoLib\Geometry\KDTree.h" />
    <ClInclude Include="MathGeoLib\Geometry\Line.h" />
    <ClInclude Include="MathGeoLib\Geometry\LineSegment.h" />
    <ClInclude Include="MathGeoLib\Geometry\OBB.h" />
    <ClInclude Include="MathGeoLib\Geometry\PBVolume.h" />
    <ClInclude Include="MathGeoLib\Geometry\Plane.h" />
    <ClInclude Include="MathGeoLib\Geometry\Polygon.h" />
    <ClInclude Include="MathGeoLib\Geometry\Polyhedron.h" />
    <ClInclude Include="MathGeoLib\Geometry\QuadTree.h" />
    <ClInclude Include="MathGeoLib\Geometry\Ray.h" />
    <ClInclude Include="MathGeoLib\Geometry\Sphere.h" />
    <ClInclude Include="MathGeoLib\Geometry\Triangle.h" />
    <ClInclude Include="MathGeoLib\Geometry\TriangleMesh.h" />
    <ClInclude Include="MathGeoLib\Math\assume.h" />
    <ClInclude Include="MathGeoLib\Math\BitOps.h" />
    <ClInclude Include="MathGeoLib\Math\Complex.h" />
    <ClInclude Include="MathGeoLib\Math\CoordinateAxisConvention.h" />
    <ClInclude Include="MathGeoLib\Math\FixedPoint.h" />
    <ClInclude Include="MathGeoLib\Math\float2.h" />
    <ClInclude Include="MathGeoLib\Math\float3.h" />
    <ClInclude Include="MathGeoLib\Math\float3x3.h" />
    <ClInclude Include="MathGeoLib\Math\float3x4.h" />
    <ClInclude Include="MathGeoLib\Math\float4.h" />
    <ClInclude Include="MathGeoLib\Math\float4_neon.h" />
    <ClInclude Include="MathGeoLib\Math\float4_sse.h" />
    <ClInclude Include="MathGeoLib\Math\float4x4.h" />
    <ClInclude Include="MathGeoLib\Math\float4x4_neon.h" />
    <ClInclude Include="MathGeoLib\Math\float4x4_sse.h" />
    <ClInclude Include="MathGeoLib\Math\FloatCmp.h" />
    <ClInclude Include="MathGeoLib\Math\MathAll.h" />
    <ClInclude Include="MathGeoLib\Math\MathConstants.h" />
    <ClInclude Include="MathGeoLib\Math\MathFunc.h" />
    <ClInclude Include="MathGeoLib\Math\MathLog.h" />
    <ClInclude Include="MathGeoLib\Math\MathNamespace.h" />
    <ClInclude Include="MathGeoLib\Math\MathTypes.h" />
    <ClInclude Include="MathGeoLib\Math\MatrixProxy.h" />
    <ClInclude Include="MathGeoLib\Math\myassert.h" />
    <ClInclude Include="MathGeoLib\Math\Polynomial.h" />
    <ClInclude Include="MathGeoLib\Math\Quat.h" />
    <ClInclude Include="MathGeoLib\Math\quat_simd.h" />
    <ClInclude Include="MathGeoLib\Math\Rect.h" />
    <ClInclude Include="MathGeoLib\Math\Reinterpret.h" />
    <ClInclude Include="MathGeoLib\Math\sse_mathfun.h" />
    <ClInclude Include="MathGeoLib\Math\SSEMath.h" />
    <ClInclude Include="MathGeoLib\Math\TransformOps.h" />
    <ClInclude Include="MathGeoLib\Time\Clock.h" />
    <ClInclude Include="MathGeoLib\MathBuildConfig.h" />
    <ClInclude Include="MathGeoLib\MathGeoLib.h" />
    <ClInclude Include="MathGeoLib\MathGeoLibFwd.h" />
    <ClInclude Include="Tools\Static\ConsoleCommandReader.h" />
    <ClInclude Include="Engine\GameObjects\M_ObjectManager.h" />
  </ItemGroup>
  <ItemGroup>
    <None Include="MathGeoLib\Geometry\KDTree.inl" />
    <None Include="MathGeoLib\Geometry\QuadTree.inl" />
    <None Include="MathGeoLib\Geometry\TriangleMesh_IntersectRay_AVX.inl" />
    <None Include="MathGeoLib\Geometry\TriangleMesh_IntersectRay_CPP.inl" />
    <None Include="MathGeoLib\Geometry\TriangleMesh_IntersectRay_SSE.inl" />
    <None Include="MathGeoLib\Math\Matrix.inl" />
  </ItemGroup>
</Project>