<?xml version="1.0" encoding="utf-8"?>
<Project ToolsVersion="4.0" xmlns="http://schemas.microsoft.com/developer/msbuild/2003">
  <ItemGroup>
    <Filter Include="Resource Files">
      <UniqueIdentifier>{67DA6AB6-F800-4c08-8B7A-83BB121AAD01}</UniqueIdentifier>
      <Extensions>rc;ico;cur;bmp;dlg;rc2;rct;bin;rgs;gif;jpg;jpeg;jpe;resx;tiff;tif;png;wav;mfcribbon-ms</Extensions>
    </Filter>
  </ItemGroup>
  <ItemGroup>
    <ClCompile Include="main.cpp" />
    <ClCompile Include="Application.cpp" />
    <ClCompile Include="Globals.h" />
    <ClCompile Include="imGUI\imgui.cpp" />
    <ClCompile Include="imGUI\imgui_demo.cpp" />
    <ClCompile Include="imGUI\imgui_draw.cpp" />
    <ClCompile Include="imGUI\imgui_impl_sdl_gl3.cpp" />
    <ClCompile Include="Engine\CoreModules\M_Camera3D.cpp" />
    <ClCompile Include="Engine\CoreModules\M_Renderer.cpp" />
    <ClCompile Include="Engine\CoreModules\M_Window.cpp" />
    <ClCompile Include="Engine\UI_Modules\M_UIManager.cpp" />
    <ClCompile Include="Engine\CoreModules\M_Input.cpp" />
    <ClCompile Include="jsoncpp\jsoncpp.cpp" />
    <ClCompile Include="Tools\Static\JsonSerializer.cpp" />
  </ItemGroup>
  <ItemGroup>
    <ClInclude Include="Application.h" />
    <ClInclude Include="OpenGL.h" />
    <ClInclude Include="imGUI\imconfig.h" />
    <ClInclude Include="imGUI\imgui.h" />
    <ClInclude Include="imGUI\imgui_impl_sdl_gl3.h" />
    <ClInclude Include="imGUI\imgui_internal.h" />
    <ClInclude Include="imGUI\stb_rect_pack.h" />
    <ClInclude Include="imGUI\stb_textedit.h" />
    <ClInclude Include="imGUI\stb_truetype.h" />
    <ClInclude Include="Engine\CoreModules\BaseClass\Module.h" />
    <ClInclude Include="Engine\CoreModules\M_Camera3D.h" />
    <ClInclude Include="Engine\CoreModules\M_Renderer.h" />
    <ClInclude Include="Engine\CoreModules\M_Window.h" />
    <ClInclude Include="Engine\UI_Modules\M_UIManager.h" />
    <ClInclude Include="Engine\CoreModules\M_Input.h" />
    <ClInclude Include="Tools\Interfaces\IJsonSerializable.h" />
    <ClInclude Include="Tools\Static\JsonSerializer.h" />
  </ItemGroup>
</Project>